
Microsoft Visual Studio Solution File, Format Version 12.00
# Visual Studio 14
VisualStudioVersion = 14.0.25420.1
MinimumVisualStudioVersion = 10.0.40219.1
Project("{FAE04EC0-301F-11D3-BF4B-00C04F79EFBC}") = "EFG Task", "EFG Task\EFG Task.csproj", "{0278D152-50FE-442C-8903-AD8DA29A4FAA}"
EndProject
Project("{FAE04EC0-301F-11D3-BF4B-00C04F79EFBC}") = "EFG Task.Tests", "EFG Task.Tests\EFG Task.Tests.csproj", "{0FC2221E-79B8-40C1-9194-E4FD2A582711}"
EndProject
Global
	GlobalSection(SolutionConfigurationPlatforms) = preSolution
		Debug|Any CPU = Debug|Any CPU
		Release|Any CPU = Release|Any CPU
	EndGlobalSection
	GlobalSection(ProjectConfigurationPlatforms) = postSolution
		{0278D152-50FE-442C-8903-AD8DA29A4FAA}.Debug|Any CPU.ActiveCfg = Debug|Any CPU
		{0278D152-50FE-442C-8903-AD8DA29A4FAA}.Debug|Any CPU.Build.0 = Debug|Any CPU
		{0278D152-50FE-442C-8903-AD8DA29A4FAA}.Release|Any CPU.ActiveCfg = Release|Any CPU
		{0278D152-50FE-442C-8903-AD8DA29A4FAA}.Release|Any CPU.Build.0 = Release|Any CPU
		{0FC2221E-79B8-40C1-9194-E4FD2A582711}.Debug|Any CPU.ActiveCfg = Debug|Any CPU
		{0FC2221E-79B8-40C1-9194-E4FD2A582711}.Debug|Any CPU.Build.0 = Debug|Any CPU
		{0FC2221E-79B8-40C1-9194-E4FD2A582711}.Release|Any CPU.ActiveCfg = Release|Any CPU
		{0FC2221E-79B8-40C1-9194-E4FD2A582711}.Release|Any CPU.Build.0 = Release|Any CPU
	EndGlobalSection
	GlobalSection(SolutionProperties) = preSolution
		HideSolutionNode = FALSE
	EndGlobalSection
EndGlobal
